
Microsoft Visual Studio Solution File, Format Version 12.00
# Visual Studio Version 17
VisualStudioVersion = 17.7.34031.279
MinimumVisualStudioVersion = 10.0.40219.1
Project("{FAE04EC0-301F-11D3-BF4B-00C04F79EFBC}") = "MassTransitRabbitConsole.Publisher", "MassTransitRabbitConsole.Publisher\MassTransitRabbitConsole.Publisher.csproj", "{C72895FD-AAFF-41D2-A78B-64906B01ED70}"
EndProject
Project("{FAE04EC0-301F-11D3-BF4B-00C04F79EFBC}") = "MassTransitRabbitConsole.Consumer", "MassTransitRabbitConsole.Consumer\MassTransitRabbitConsole.Consumer.csproj", "{CD2921B6-7469-4E98-A9C7-4DDDF8B04C2E}"
EndProject
Project("{FAE04EC0-301F-11D3-BF4B-00C04F79EFBC}") = "MassTransitRabbit.Shared", "MassTransitRabbit.Shared\MassTransitRabbit.Shared.csproj", "{ECA59A5A-9210-4676-9A0F-9CA5AF4A38AE}"
EndProject
Global
	GlobalSection(SolutionConfigurationPlatforms) = preSolution
		Debug|Any CPU = Debug|Any CPU
		Release|Any CPU = Release|Any CPU
	EndGlobalSection
	GlobalSection(ProjectConfigurationPlatforms) = postSolution
		{C72895FD-AAFF-41D2-A78B-64906B01ED70}.Debug|Any CPU.ActiveCfg = Debug|Any CPU
		{C72895FD-AAFF-41D2-A78B-64906B01ED70}.Debug|Any CPU.Build.0 = Debug|Any CPU
		{C72895FD-AAFF-41D2-A78B-64906B01ED70}.Release|Any CPU.ActiveCfg = Release|Any CPU
		{C72895FD-AAFF-41D2-A78B-64906B01ED70}.Release|Any CPU.Build.0 = Release|Any CPU
		{CD2921B6-7469-4E98-A9C7-4DDDF8B04C2E}.Debug|Any CPU.ActiveCfg = Debug|Any CPU
		{CD2921B6-7469-4E98-A9C7-4DDDF8B04C2E}.Debug|Any CPU.Build.0 = Debug|Any CPU
		{CD2921B6-7469-4E98-A9C7-4DDDF8B04C2E}.Release|Any CPU.ActiveCfg = Release|Any CPU
		{CD2921B6-7469-4E98-A9C7-4DDDF8B04C2E}.Release|Any CPU.Build.0 = Release|Any CPU
		{ECA59A5A-9210-4676-9A0F-9CA5AF4A38AE}.Debug|Any CPU.ActiveCfg = Debug|Any CPU
		{ECA59A5A-9210-4676-9A0F-9CA5AF4A38AE}.Debug|Any CPU.Build.0 = Debug|Any CPU
		{ECA59A5A-9210-4676-9A0F-9CA5AF4A38AE}.Release|Any CPU.ActiveCfg = Release|Any CPU
		{ECA59A5A-9210-4676-9A0F-9CA5AF4A38AE}.Release|Any CPU.Build.0 = Release|Any CPU
	EndGlobalSection
	GlobalSection(SolutionProperties) = preSolution
		HideSolutionNode = FALSE
	EndGlobalSection
	GlobalSection(ExtensibilityGlobals) = postSolution
		SolutionGuid = {AE042BAB-BA6B-4164-97D1-5E71603DEBDD}
	EndGlobalSection
EndGlobal
